
Microsoft Visual Studio Solution File, Format Version 10.00
# Visual Studio 2008
Project("{FAE04EC0-301F-11D3-BF4B-00C04F79EFBC}") = "ZuneKeys", "ZuneKeys\ZuneKeys.csproj", "{C48372CD-826B-4FC8-B175-098C0D47B054}"
EndProject
Global
	GlobalSection(SolutionConfigurationPlatforms) = preSolution
		Debug|Any CPU = Debug|Any CPU
		Release|Any CPU = Release|Any CPU
	EndGlobalSection
	GlobalSection(ProjectConfigurationPlatforms) = postSolution
		{C48372CD-826B-4FC8-B175-098C0D47B054}.Debug|Any CPU.ActiveCfg = Debug|Any CPU
		{C48372CD-826B-4FC8-B175-098C0D47B054}.Debug|Any CPU.Build.0 = Debug|Any CPU
		{C48372CD-826B-4FC8-B175-098C0D47B054}.Release|Any CPU.ActiveCfg = Release|Any CPU
		{C48372CD-826B-4FC8-B175-098C0D47B054}.Release|Any CPU.Build.0 = Release|Any CPU
	EndGlobalSection
	GlobalSection(SolutionProperties) = preSolution
		HideSolutionNode = FALSE
	EndGlobalSection
EndGlobal
